
Microsoft Visual Studio Solution File, Format Version 12.00
# Visual Studio 15
VisualStudioVersion = 15.0.27130.2027
MinimumVisualStudioVersion = 10.0.40219.1
Project("{FAE04EC0-301F-11D3-BF4B-00C04F79EFBC}") = "Hey.Api.Rest", "Hey.Api.Rest\Hey.Api.Rest.csproj", "{CD8730FF-2A18-4658-9E71-D5C5AC549731}"
EndProject
Project("{FAE04EC0-301F-11D3-BF4B-00C04F79EFBC}") = "Hey.Api.Rest.Tests", "Hey.Api.Rest.Tests\Hey.Api.Rest.Tests.csproj", "{067456C0-086C-46A8-B37F-1405717B7BFC}"
EndProject
Project("{FAE04EC0-301F-11D3-BF4B-00C04F79EFBC}") = "Hey.Soardi", "Hey.Soardi\Hey.Soardi.csproj", "{3CB257D9-9781-489F-BEA7-E6D4F1BB8635}"
EndProject
Project("{FAE04EC0-301F-11D3-BF4B-00C04F79EFBC}") = "Hey.Core", "Hey.Core\Hey.Core.csproj", "{AB9551CB-90AE-4166-871C-4D7F143DFB39}"
EndProject
Project("{FAE04EC0-301F-11D3-BF4B-00C04F79EFBC}") = "Hey.Soardi.Tests", "Hey.Soardi.Tests\Hey.Soardi.Tests.csproj", "{F267031E-39D1-498D-9209-42F79CC71C34}"
EndProject
Project("{FAE04EC0-301F-11D3-BF4B-00C04F79EFBC}") = "Hey.Core.Tests", "Hey.Core.Tests\Hey.Core.Tests.csproj", "{CCA1A544-F775-4234-ADFB-5B960686690E}"
EndProject
Project("{FAE04EC0-301F-11D3-BF4B-00C04F79EFBC}") = "Hey.Service", "Hey.Service\Hey.Service.csproj", "{C0DD4CE3-DF4A-4DDE-AD71-48AC63E639B2}"
EndProject
Project("{FAE04EC0-301F-11D3-BF4B-00C04F79EFBC}") = "Hey.Console", "Hey.Console\Hey.Console.csproj", "{98ACE002-32DD-4BCA-A5E0-36F9131BC8DC}"
EndProject
Global
	GlobalSection(SolutionConfigurationPlatforms) = preSolution
		Debug|Any CPU = Debug|Any CPU
		Debug|x86 = Debug|x86
		Release|Any CPU = Release|Any CPU
		Release|x86 = Release|x86
	EndGlobalSection
	GlobalSection(ProjectConfigurationPlatforms) = postSolution
		{CD8730FF-2A18-4658-9E71-D5C5AC549731}.Debug|Any CPU.ActiveCfg = Debug|Any CPU
		{CD8730FF-2A18-4658-9E71-D5C5AC549731}.Debug|Any CPU.Build.0 = Debug|Any CPU
		{CD8730FF-2A18-4658-9E71-D5C5AC549731}.Debug|x86.ActiveCfg = Debug|x86
		{CD8730FF-2A18-4658-9E71-D5C5AC549731}.Debug|x86.Build.0 = Debug|x86
		{CD8730FF-2A18-4658-9E71-D5C5AC549731}.Release|Any CPU.ActiveCfg = Release|Any CPU
		{CD8730FF-2A18-4658-9E71-D5C5AC549731}.Release|Any CPU.Build.0 = Release|Any CPU
		{CD8730FF-2A18-4658-9E71-D5C5AC549731}.Release|x86.ActiveCfg = Release|x86
		{CD8730FF-2A18-4658-9E71-D5C5AC549731}.Release|x86.Build.0 = Release|x86
		{067456C0-086C-46A8-B37F-1405717B7BFC}.Debug|Any CPU.ActiveCfg = Debug|Any CPU
		{067456C0-086C-46A8-B37F-1405717B7BFC}.Debug|Any CPU.Build.0 = Debug|Any CPU
		{067456C0-086C-46A8-B37F-1405717B7BFC}.Debug|x86.ActiveCfg = Debug|x86
		{067456C0-086C-46A8-B37F-1405717B7BFC}.Debug|x86.Build.0 = Debug|x86
		{067456C0-086C-46A8-B37F-1405717B7BFC}.Release|Any CPU.ActiveCfg = Release|Any CPU
		{067456C0-086C-46A8-B37F-1405717B7BFC}.Release|Any CPU.Build.0 = Release|Any CPU
		{067456C0-086C-46A8-B37F-1405717B7BFC}.Release|x86.ActiveCfg = Release|x86
		{067456C0-086C-46A8-B37F-1405717B7BFC}.Release|x86.Build.0 = Release|x86
		{3CB257D9-9781-489F-BEA7-E6D4F1BB8635}.Debug|Any CPU.ActiveCfg = Debug|Any CPU
		{3CB257D9-9781-489F-BEA7-E6D4F1BB8635}.Debug|Any CPU.Build.0 = Debug|Any CPU
		{3CB257D9-9781-489F-BEA7-E6D4F1BB8635}.Debug|x86.ActiveCfg = Debug|x86
		{3CB257D9-9781-489F-BEA7-E6D4F1BB8635}.Debug|x86.Build.0 = Debug|x86
		{3CB257D9-9781-489F-BEA7-E6D4F1BB8635}.Release|Any CPU.ActiveCfg = Release|Any CPU
		{3CB257D9-9781-489F-BEA7-E6D4F1BB8635}.Release|Any CPU.Build.0 = Release|Any CPU
		{3CB257D9-9781-489F-BEA7-E6D4F1BB8635}.Release|x86.ActiveCfg = Release|x86
		{3CB257D9-9781-489F-BEA7-E6D4F1BB8635}.Release|x86.Build.0 = Release|x86
		{AB9551CB-90AE-4166-871C-4D7F143DFB39}.Debug|Any CPU.ActiveCfg = Debug|Any CPU
		{AB9551CB-90AE-4166-871C-4D7F143DFB39}.Debug|Any CPU.Build.0 = Debug|Any CPU
		{AB9551CB-90AE-4166-871C-4D7F143DFB39}.Debug|x86.ActiveCfg = Debug|x86
		{AB9551CB-90AE-4166-871C-4D7F143DFB39}.Debug|x86.Build.0 = Debug|x86
		{AB9551CB-90AE-4166-871C-4D7F143DFB39}.Release|Any CPU.ActiveCfg = Release|Any CPU
		{AB9551CB-90AE-4166-871C-4D7F143DFB39}.Release|Any CPU.Build.0 = Release|Any CPU
		{AB9551CB-90AE-4166-871C-4D7F143DFB39}.Release|x86.ActiveCfg = Release|x86
		{AB9551CB-90AE-4166-871C-4D7F143DFB39}.Release|x86.Build.0 = Release|x86
		{F267031E-39D1-498D-9209-42F79CC71C34}.Debug|Any CPU.ActiveCfg = Debug|Any CPU
		{F267031E-39D1-498D-9209-42F79CC71C34}.Debug|Any CPU.Build.0 = Debug|Any CPU
		{F267031E-39D1-498D-9209-42F79CC71C34}.Debug|x86.ActiveCfg = Debug|x86
		{F267031E-39D1-498D-9209-42F79CC71C34}.Debug|x86.Build.0 = Debug|x86
		{F267031E-39D1-498D-9209-42F79CC71C34}.Release|Any CPU.ActiveCfg = Release|Any CPU
		{F267031E-39D1-498D-9209-42F79CC71C34}.Release|Any CPU.Build.0 = Release|Any CPU
		{F267031E-39D1-498D-9209-42F79CC71C34}.Release|x86.ActiveCfg = Release|x86
		{F267031E-39D1-498D-9209-42F79CC71C34}.Release|x86.Build.0 = Release|x86
		{CCA1A544-F775-4234-ADFB-5B960686690E}.Debug|Any CPU.ActiveCfg = Debug|Any CPU
		{CCA1A544-F775-4234-ADFB-5B960686690E}.Debug|Any CPU.Build.0 = Debug|Any CPU
		{CCA1A544-F775-4234-ADFB-5B960686690E}.Debug|x86.ActiveCfg = Debug|x86
		{CCA1A544-F775-4234-ADFB-5B960686690E}.Debug|x86.Build.0 = Debug|x86
		{CCA1A544-F775-4234-ADFB-5B960686690E}.Release|Any CPU.ActiveCfg = Release|Any CPU
		{CCA1A544-F775-4234-ADFB-5B960686690E}.Release|Any CPU.Build.0 = Release|Any CPU
		{CCA1A544-F775-4234-ADFB-5B960686690E}.Release|x86.ActiveCfg = Release|x86
		{CCA1A544-F775-4234-ADFB-5B960686690E}.Release|x86.Build.0 = Release|x86
		{C0DD4CE3-DF4A-4DDE-AD71-48AC63E639B2}.Debug|Any CPU.ActiveCfg = Debug|Any CPU
		{C0DD4CE3-DF4A-4DDE-AD71-48AC63E639B2}.Debug|Any CPU.Build.0 = Debug|Any CPU
		{C0DD4CE3-DF4A-4DDE-AD71-48AC63E639B2}.Debug|x86.ActiveCfg = Debug|x86
		{C0DD4CE3-DF4A-4DDE-AD71-48AC63E639B2}.Debug|x86.Build.0 = Debug|x86
		{C0DD4CE3-DF4A-4DDE-AD71-48AC63E639B2}.Release|Any CPU.ActiveCfg = Release|Any CPU
		{C0DD4CE3-DF4A-4DDE-AD71-48AC63E639B2}.Release|Any CPU.Build.0 = Release|Any CPU
		{C0DD4CE3-DF4A-4DDE-AD71-48AC63E639B2}.Release|x86.ActiveCfg = Release|x86
		{C0DD4CE3-DF4A-4DDE-AD71-48AC63E639B2}.Release|x86.Build.0 = Release|x86
		{98ACE002-32DD-4BCA-A5E0-36F9131BC8DC}.Debug|Any CPU.ActiveCfg = Debug|Any CPU
		{98ACE002-32DD-4BCA-A5E0-36F9131BC8DC}.Debug|Any CPU.Build.0 = Debug|Any CPU
		{98ACE002-32DD-4BCA-A5E0-36F9131BC8DC}.Debug|x86.ActiveCfg = Debug|x86
		{98ACE002-32DD-4BCA-A5E0-36F9131BC8DC}.Debug|x86.Build.0 = Debug|x86
		{98ACE002-32DD-4BCA-A5E0-36F9131BC8DC}.Release|Any CPU.ActiveCfg = Release|Any CPU
		{98ACE002-32DD-4BCA-A5E0-36F9131BC8DC}.Release|Any CPU.Build.0 = Release|Any CPU
		{98ACE002-32DD-4BCA-A5E0-36F9131BC8DC}.Release|x86.ActiveCfg = Release|x86
		{98ACE002-32DD-4BCA-A5E0-36F9131BC8DC}.Release|x86.Build.0 = Release|x86
	EndGlobalSection
	GlobalSection(SolutionProperties) = preSolution
		HideSolutionNode = FALSE
	EndGlobalSection
	GlobalSection(ExtensibilityGlobals) = postSolution
		SolutionGuid = {1969E360-139C-49E6-AE26-69134DF7F17E}
	EndGlobalSection
EndGlobal
